// !$*UTF8*$!
{
	archiveVersion = 1;
	classes = {
	};
	objectVersion = 55;
	objects = {

/* Begin PBXBuildFile section */
		CCC44C072803F3A7008BF0E6 /* AppDelegate.swift in Sources */ = {isa = PBXBuildFile; fileRef = CCC44C062803F3A7008BF0E6 /* AppDelegate.swift */; };
		CCC44C092803F3A7008BF0E6 /* SceneDelegate.swift in Sources */ = {isa = PBXBuildFile; fileRef = CCC44C082803F3A7008BF0E6 /* SceneDelegate.swift */; };
		CCC44C0B2803F3A7008BF0E6 /* ViewController.swift in Sources */ = {isa = PBXBuildFile; fileRef = CCC44C0A2803F3A7008BF0E6 /* ViewController.swift */; };
		CCC44C0E2803F3A7008BF0E6 /* Main.storyboard in Resources */ = {isa = PBXBuildFile; fileRef = CCC44C0C2803F3A7008BF0E6 /* Main.storyboard */; };
		CCC44C102803F3A9008BF0E6 /* Assets.xcassets in Resources */ = {isa = PBXBuildFile; fileRef = CCC44C0F2803F3A9008BF0E6 /* Assets.xcassets */; };
		CCC44C132803F3A9008BF0E6 /* LaunchScreen.storyboard in Resources */ = {isa = PBXBuildFile; fileRef = CCC44C112803F3A9008BF0E6 /* LaunchScreen.storyboard */; };
		CCC44C1E2803F507008BF0E6 /* WZCellKit in Frameworks */ = {isa = PBXBuildFile; productRef = CCC44C1D2803F507008BF0E6 /* WZCellKit */; };
/* End PBXBuildFile section */

/* Begin PBXFileReference section */
		CCC44C032803F3A7008BF0E6 /* CellsDemo.app */ = {isa = PBXFileReference; explicitFileType = wrapper.application; includeInIndex = 0; path = CellsDemo.app; sourceTree = BUILT_PRODUCTS_DIR; };
		CCC44C062803F3A7008BF0E6 /* AppDelegate.swift */ = {isa = PBXFileReference; lastKnownFileType = sourcecode.swift; path = AppDelegate.swift; sourceTree = "<group>"; };
		CCC44C082803F3A7008BF0E6 /* SceneDelegate.swift */ = {isa = PBXFileReference; lastKnownFileType = sourcecode.swift; path = SceneDelegate.swift; sourceTree = "<group>"; };
		CCC44C0A2803F3A7008BF0E6 /* ViewController.swift */ = {isa = PBXFileReference; lastKnownFileType = sourcecode.swift; path = ViewController.swift; sourceTree = "<group>"; };
		CCC44C0D2803F3A7008BF0E6 /* Base */ = {isa = PBXFileReference; lastKnownFileType = file.storyboard; name = Base; path = Base.lproj/Main.storyboard; sourceTree = "<group>"; };
		CCC44C0F2803F3A9008BF0E6 /* Assets.xcassets */ = {isa = PBXFileReference; lastKnownFileType = folder.assetcatalog; path = Assets.xcassets; sourceTree = "<group>"; };
		CCC44C122803F3A9008BF0E6 /* Base */ = {isa = PBXFileReference; lastKnownFileType = file.storyboard; name = Base; path = Base.lproj/LaunchScreen.storyboard; sourceTree = "<group>"; };
		CCC44C142803F3A9008BF0E6 /* Info.plist */ = {isa = PBXFileReference; lastKnownFileType = text.plist.xml; path = Info.plist; sourceTree = "<group>"; };
/* End PBXFileReference section */

/* Begin PBXFrameworksBuildPhase section */
		CCC44C002803F3A7008BF0E6 /* Frameworks */ = {
			isa = PBXFrameworksBuildPhase;
			buildActionMask = 2147483647;
			files = (
				CCC44C1E2803F507008BF0E6 /* WZCellKit in Frameworks */,
			);
			runOnlyForDeploymentPostprocessing = 0;
		};
/* End PBXFrameworksBuildPhase section */

/* Begin PBXGroup section */
		CCC44BFA2803F3A7008BF0E6 = {
			isa = PBXGroup;
			children = (
				CCC44C052803F3A7008BF0E6 /* CellsDemo */,
				CCC44C042803F3A7008BF0E6 /* Products */,
				CCC44C1C2803F507008BF0E6 /* Frameworks */,
			);
			sourceTree = "<group>";
		};
		CCC44C042803F3A7008BF0E6 /* Products */ = {
			isa = PBXGroup;
			children = (
				CCC44C032803F3A7008BF0E6 /* CellsDemo.app */,
			);
			name = Products;
			sourceTree = "<group>";
		};
		CCC44C052803F3A7008BF0E6 /* CellsDemo */ = {
			isa = PBXGroup;
			children = (
				CCC44C062803F3A7008BF0E6 /* AppDelegate.swift */,
				CCC44C082803F3A7008BF0E6 /* SceneDelegate.swift */,
				CCC44C0A2803F3A7008BF0E6 /* ViewController.swift */,
				CCC44C0C2803F3A7008BF0E6 /* Main.storyboard */,
				CCC44C0F2803F3A9008BF0E6 /* Assets.xcassets */,
				CCC44C112803F3A9008BF0E6 /* LaunchScreen.storyboard */,
				CCC44C142803F3A9008BF0E6 /* Info.plist */,
			);
			path = CellsDemo;
			sourceTree = "<group>";
		};
		CCC44C1C2803F507008BF0E6 /* Frameworks */ = {
			isa = PBXGroup;
			children = (
			);
			name = Frameworks;
			sourceTree = "<group>";
		};
/* End PBXGroup section */

/* Begin PBXNativeTarget section */
		CCC44C022803F3A7008BF0E6 /* CellsDemo */ = {
			isa = PBXNativeTarget;
			buildConfigurationList = CCC44C172803F3A9008BF0E6 /* Build configuration list for PBXNativeTarget "CellsDemo" */;
			buildPhases = (
				CCC44BFF2803F3A7008BF0E6 /* Sources */,
				CCC44C002803F3A7008BF0E6 /* Frameworks */,
				CCC44C012803F3A7008BF0E6 /* Resources */,
			);
			buildRules = (
			);
			dependencies = (
			);
			name = CellsDemo;
			packageProductDependencies = (
				CCC44C1D2803F507008BF0E6 /* WZCellKit */,
			);
			productName = CellsDemo;
			productReference = CCC44C032803F3A7008BF0E6 /* CellsDemo.app */;
			productType = "com.apple.product-type.application";
		};
/* End PBXNativeTarget section */

/* Begin PBXProject section */
		CCC44BFB2803F3A7008BF0E6 /* Project object */ = {
			isa = PBXProject;
			attributes = {
				BuildIndependentTargetsInParallel = 1;
				LastSwiftUpdateCheck = 1330;
				LastUpgradeCheck = 1330;
				TargetAttributes = {
					CCC44C022803F3A7008BF0E6 = {
						CreatedOnToolsVersion = 13.3;
					};
				};
			};
			buildConfigurationList = CCC44BFE2803F3A7008BF0E6 /* Build configuration list for PBXProject "CellsDemo" */;
			compatibilityVersion = "Xcode 13.0";
			developmentRegion = en;
			hasScannedForEncodings = 0;
			knownRegions = (
				en,
				Base,
			);
			mainGroup = CCC44BFA2803F3A7008BF0E6;
			productRefGroup = CCC44C042803F3A7008BF0E6 /* Products */;
			projectDirPath = "";
			projectRoot = "";
			targets = (
				CCC44C022803F3A7008BF0E6 /* CellsDemo */,
			);
		};
/* End PBXProject section */

/* Begin PBXResourcesBuildPhase section */
		CCC44C012803F3A7008BF0E6 /* Resources */ = {
			isa = PBXResourcesBuildPhase;
			buildActionMask = 2147483647;
			files = (
				CCC44C132803F3A9008BF0E6 /* LaunchScreen.storyboard in Resources */,
				CCC44C102803F3A9008BF0E6 /* Assets.xcassets in Resources */,
				CCC44C0E2803F3A7008BF0E6 /* Main.storyboard in Resources */,
			);
			runOnlyForDeploymentPostprocessing = 0;
		};
/* End PBXResourcesBuildPhase section */

/* Begin PBXSourcesBuildPhase section */
		CCC44BFF2803F3A7008BF0E6 /* Sources */ = {
			isa = PBXSourcesBuildPhase;
			buildActionMask = 2147483647;
			files = (
				CCC44C0B2803F3A7008BF0E6 /* ViewController.swift in Sources */,
				CCC44C072803F3A7008BF0E6 /* AppDelegate.swift in Sources */,
				CCC44C092803F3A7008BF0E6 /* SceneDelegate.swift in Sources */,
			);
			runOnlyForDeploymentPostprocessing = 0;
		};
/* End PBXSourcesBuildPhase section */

/* Begin PBXVariantGroup section */
		CCC44C0C2803F3A7008BF0E6 /* Main.storyboard */ = {
			isa = PBXVariantGroup;
			children = (
				CCC44C0D2803F3A7008BF0E6 /* Base */,
			);
			name = Main.storyboard;
			sourceTree = "<group>";
		};
		CCC44C112803F3A9008BF0E6 /* LaunchScreen.storyboard */ = {
			isa = PBXVariantGroup;
			children = (
				CCC44C122803F3A9008BF0E6 /* Base */,
			);
			name = LaunchScreen.storyboard;
			sourceTree = "<group>";
		};
/* End PBXVariantGroup section */

/* Begin XCBuildConfiguration section */
		CCC44C152803F3A9008BF0E6 /* Debug */ = {
			isa = XCBuildConfiguration;
			buildSettings = {
				ALWAYS_SEARCH_USER_PATHS = NO;
				CLANG_ANALYZER_NONNULL = YES;
				CLANG_ANALYZER_NUMBER_OBJECT_CONVERSION = YES_AGGRESSIVE;
				CLANG_CXX_LANGUAGE_STANDARD = "gnu++17";
				CLANG_ENABLE_MODULES = YES;
				CLANG_ENABLE_OBJC_ARC = YES;
				CLANG_ENABLE_OBJC_WEAK = YES;
				CLANG_WARN_BLOCK_CAPTURE_AUTORELEASING = YES;
				CLANG_WARN_BOOL_CONVERSION = YES;
				CLANG_WARN_COMMA = YES;
				CLANG_WARN_CONSTANT_CONVERSION = YES;
				CLANG_WARN_DEPRECATED_OBJC_IMPLEMENTATIONS = YES;
				CLANG_WARN_DIRECT_OBJC_ISA_USAGE = YES_ERROR;
				CLANG_WARN_DOCUMENTATION_COMMENTS = YES;
				CLANG_WARN_EMPTY_BODY = YES;
				CLANG_WARN_ENUM_CONVERSION = YES;
				CLANG_WARN_INFINITE_RECURSION = YES;
				CLANG_WARN_INT_CONVERSION = YES;
				CLANG_WARN_NON_LITERAL_NULL_CONVERSION = YES;
				CLANG_WARN_OBJC_IMPLICIT_RETAIN_SELF = YES;
				CLANG_WARN_OBJC_LITERAL_CONVERSION = YES;
				CLANG_WARN_OBJC_ROOT_CLASS = YES_ERROR;
				CLANG_WARN_QUOTED_INCLUDE_IN_FRAMEWORK_HEADER = YES;
				CLANG_WARN_RANGE_LOOP_ANALYSIS = YES;
				CLANG_WARN_STRICT_PROTOTYPES = YES;
				CLANG_WARN_SUSPICIOUS_MOVE = YES;
				CLANG_WARN_UNGUARDED_AVAILABILITY = YES_AGGRESSIVE;
				CLANG_WARN_UNREACHABLE_CODE = YES;
				CLANG_WARN__DUPLICATE_METHOD_MATCH = YES;
				COPY_PHASE_STRIP = NO;
				DEBUG_INFORMATION_FORMAT = dwarf;
				ENABLE_STRICT_OBJC_MSGSEND = YES;
				ENABLE_TESTABILITY = YES;
				GCC_C_LANGUAGE_STANDARD = gnu11;
				GCC_DYNAMIC_NO_PIC = NO;
				GCC_NO_COMMON_BLOCKS = YES;
				GCC_OPTIMIZATION_LEVEL = 0;
				GCC_PREPROCESSOR_DEFINITIONS = (
					"DEBUG=1",
					"$(inherited)",
				);
				GCC_WARN_64_TO_32_BIT_CONVERSION = YES;
				GCC_WARN_ABOUT_RETURN_TYPE = YES_ERROR;
				GCC_WARN_UNDECLARED_SELECTOR = YES;
				GCC_WARN_UNINITIALIZED_AUTOS = YES_AGGRESSIVE;
				GCC_WARN_UNUSED_FUNCTION = YES;
				GCC_WARN_UNUSED_VARIABLE = YES;
				IPHONEOS_DEPLOYMENT_TARGET = 15.4;
				MTL_ENABLE_DEBUG_INFO = INCLUDE_SOURCE;
				MTL_FAST_MATH = YES;
				ONLY_ACTIVE_ARCH = YES;
				SDKROOT = iphoneos;
				SWIFT_ACTIVE_COMPILATION_CONDITIONS = DEBUG;
				SWIFT_OPTIMIZATION_LEVEL = "-Onone";
			};
			name = Debug;
		};
		CCC44C162803F3A9008BF0E6 /* Release */ = {
			isa = XCBuildConfiguration;
			buildSettings = {
				ALWAYS_SEARCH_USER_PATHS = NO;
				CLANG_ANALYZER_NONNULL = YES;
				CLANG_ANALYZER_NUMBER_OBJECT_CONVERSION = YES_AGGRESSIVE;
				CLANG_CXX_LANGUAGE_STANDARD = "gnu++17";
				CLANG_ENABLE_MODULES = YES;
				CLANG_ENABLE_OBJC_ARC = YES;
				CLANG_ENABLE_OBJC_WEAK = YES;
				CLANG_WARN_BLOCK_CAPTURE_AUTORELEASING = YES;
				CLANG_WARN_BOOL_CONVERSION = YES;
				CLANG_WARN_COMMA = YES;
				CLANG_WARN_CONSTANT_CONVERSION = YES;
				CLANG_WARN_DEPRECATED_OBJC_IMPLEMENTATIONS = YES;
				CLANG_WARN_DIRECT_OBJC_ISA_USAGE = YES_ERROR;
				CLANG_WARN_DOCUMENTATION_COMMENTS = YES;
				CLANG_WARN_EMPTY_BODY = YES;
				CLANG_WARN_ENUM_CONVERSION = YES;
				CLANG_WARN_INFINITE_RECURSION = YES;
				CLANG_WARN_INT_CONVERSION = YES;
				CLANG_WARN_NON_LITERAL_NULL_CONVERSION = YES;
				CLANG_WARN_OBJC_IMPLICIT_RETAIN_SELF = YES;
				CLANG_WARN_OBJC_LITERAL_CONVERSION = YES;
				CLANG_WARN_OBJC_ROOT_CLASS = YES_ERROR;
				CLANG_WARN_QUOTED_INCLUDE_IN_FRAMEWORK_HEADER = YES;
				CLANG_WARN_RANGE_LOOP_ANALYSIS = YES;
				CLANG_WARN_STRICT_PROTOTYPES = YES;
				CLANG_WARN_SUSPICIOUS_MOVE = YES;
				CLANG_WARN_UNGUARDED_AVAILABILITY = YES_AGGRESSIVE;
				CLANG_WARN_UNREACHABLE_CODE = YES;
				CLANG_WARN__DUPLICATE_METHOD_MATCH = YES;
				COPY_PHASE_STRIP = NO;
				DEBUG_INFORMATION_FORMAT = "dwarf-with-dsym";
				ENABLE_NS_ASSERTIONS = NO;
				ENABLE_STRICT_OBJC_MSGSEND = YES;
				GCC_C_LANGUAGE_STANDARD = gnu11;
				GCC_NO_COMMON_BLOCKS = YES;
				GCC_WARN_64_TO_32_BIT_CONVERSION = YES;
				GCC_WARN_ABOUT_RETURN_TYPE = YES_ERROR;
				GCC_WARN_UNDECLARED_SELECTOR = YES;
				GCC_WARN_UNINITIALIZED_AUTOS = YES_AGGRESSIVE;
				GCC_WARN_UNUSED_FUNCTION = YES;
				GCC_WARN_UNUSED_VARIABLE = YES;
				IPHONEOS_DEPLOYMENT_TARGET = 15.4;
				MTL_ENABLE_DEBUG_INFO = NO;
				MTL_FAST_MATH = YES;
				SDKROOT = iphoneos;
				SWIFT_COMPILATION_MODE = wholemodule;
				SWIFT_OPTIMIZATION_LEVEL = "-O";
				VALIDATE_PRODUCT = YES;
			};
			name = Release;
		};
		CCC44C182803F3A9008BF0E6 /* Debug */ = {
			isa = XCBuildConfiguration;
			buildSettings = {
				ASSETCATALOG_COMPILER_APPICON_NAME = AppIcon;
				ASSETCATALOG_COMPILER_GLOBAL_ACCENT_COLOR_NAME = AccentColor;
				CODE_SIGN_STYLE = Automatic;
				CURRENT_PROJECT_VERSION = 1;
				DEVELOPMENT_TEAM = 2CR46MA89R;
				GENERATE_INFOPLIST_FILE = YES;
				INFOPLIST_FILE = CellsDemo/Info.plist;
				INFOPLIST_KEY_UIApplicationSupportsIndirectInputEvents = YES;
				INFOPLIST_KEY_UILaunchStoryboardName = LaunchScreen;
				INFOPLIST_KEY_UIMainStoryboardFile = Main;
				INFOPLIST_KEY_UISupportedInterfaceOrientations_iPad = "UIInterfaceOrientationPortrait UIInterfaceOrientationPortraitUpsideDown UIInterfaceOrientationLandscapeLeft UIInterfaceOrientationLandscapeRight";
				INFOPLIST_KEY_UISupportedInterfaceOrientations_iPhone = "UIInterfaceOrientationPortrait UIInterfaceOrientationLandscapeLeft UIInterfaceOrientationLandscapeRight";
				LD_RUNPATH_SEARCH_PATHS = (
					"$(inherited)",
					"@executable_path/Frameworks",
				);
				MARKETING_VERSION = 1.0;
				PRODUCT_BUNDLE_IDENTIFIER = com.wyz.CellsDemo;
				PRODUCT_NAME = "$(TARGET_NAME)";
				SWIFT_EMIT_LOC_STRINGS = YES;
				SWIFT_VERSION = 5.0;
				TARGETED_DEVICE_FAMILY = "1,2";
			};
			name = Debug;
		};
		CCC44C192803F3A9008BF0E6 /* Release */ = {
			isa = XCBuildConfiguration;
			buildSettings = {
				ASSETCATALOG_COMPILER_APPICON_NAME = AppIcon;
				ASSETCATALOG_COMPILER_GLOBAL_ACCENT_COLOR_NAME = AccentColor;
				CODE_SIGN_STYLE = Automatic;
				CURRENT_PROJECT_VERSION = 1;
				DEVELOPMENT_TEAM = 2CR46MA89R;
				GENERATE_INFOPLIST_FILE = YES;
				INFOPLIST_FILE = CellsDemo/Info.plist;
				INFOPLIST_KEY_UIApplicationSupportsIndirectInputEvents = YES;
				INFOPLIST_KEY_UILaunchStoryboardName = LaunchScreen;
				INFOPLIST_KEY_UIMainStoryboardFile = Main;
				INFOPLIST_KEY_UISupportedInterfaceOrientations_iPad = "UIInterfaceOrientationPortrait UIInterfaceOrientationPortraitUpsideDown UIInterfaceOrientationLandscapeLeft UIInterfaceOrientationLandscapeRight";
				INFOPLIST_KEY_UISupportedInterfaceOrientations_iPhone = "UIInterfaceOrientationPortrait UIInterfaceOrientationLandscapeLeft UIInterfaceOrientationLandscapeRight";
				LD_RUNPATH_SEARCH_PATHS = (
					"$(inherited)",
					"@executable_path/Frameworks",
				);
				MARKETING_VERSION = 1.0;
				PRODUCT_BUNDLE_IDENTIFIER = com.wyz.CellsDemo;
				PRODUCT_NAME = "$(TARGET_NAME)";
				SWIFT_EMIT_LOC_STRINGS = YES;
				SWIFT_VERSION = 5.0;
				TARGETED_DEVICE_FAMILY = "1,2";
			};
			name = Release;
		};
/* End XCBuildConfiguration section */

/* Begin XCConfigurationList section */
		CCC44BFE2803F3A7008BF0E6 /* Build configuration list for PBXProject "CellsDemo" */ = {
			isa = XCConfigurationList;
			buildConfigurations = (
				CCC44C152803F3A9008BF0E6 /* Debug */,
				CCC44C162803F3A9008BF0E6 /* Release */,
			);
			defaultConfigurationIsVisible = 0;
			defaultConfigurationName = Release;
		};
		CCC44C172803F3A9008BF0E6 /* Build configuration list for PBXNativeTarget "CellsDemo" */ = {
			isa = XCConfigurationList;
			buildConfigurations = (
				CCC44C182803F3A9008BF0E6 /* Debug */,
				CCC44C192803F3A9008BF0E6 /* Release */,
			);
			defaultConfigurationIsVisible = 0;
			defaultConfigurationName = Release;
		};
/* End XCConfigurationList section */

/* Begin XCSwiftPackageProductDependency section */
		CCC44C1D2803F507008BF0E6 /* WZCellKit */ = {
			isa = XCSwiftPackageProductDependency;
			productName = WZCellKit;
		};
/* End XCSwiftPackageProductDependency section */
	};
	rootObject = CCC44BFB2803F3A7008BF0E6 /* Project object */;
}
